
Microsoft Visual Studio Solution File, Format Version 12.00
# Visual Studio Version 17
VisualStudioVersion = 17.11.35327.3
MinimumVisualStudioVersion = 10.0.40219.1
Project("{9A19103F-16F7-4668-BE54-9A1E7A4F7556}") = "JhonnyIMS", "JhonnyIMS\JhonnyIMS.csproj", "{1D3854D8-8039-4C22-955F-26407F575D7B}"
EndProject
Project("{FAE04EC0-301F-11D3-BF4B-00C04F79EFBC}") = "DataAccess", "DataAccess\DataAccess.csproj", "{01617D67-4005-4B43-9C24-90D8E8F730F9}"
EndProject
Global
	GlobalSection(SolutionConfigurationPlatforms) = preSolution
		Debug|Any CPU = Debug|Any CPU
		Release|Any CPU = Release|Any CPU
	EndGlobalSection
	GlobalSection(ProjectConfigurationPlatforms) = postSolution
		{1D3854D8-8039-4C22-955F-26407F575D7B}.Debug|Any CPU.ActiveCfg = Debug|Any CPU
		{1D3854D8-8039-4C22-955F-26407F575D7B}.Debug|Any CPU.Build.0 = Debug|Any CPU
		{1D3854D8-8039-4C22-955F-26407F575D7B}.Release|Any CPU.ActiveCfg = Release|Any CPU
		{1D3854D8-8039-4C22-955F-26407F575D7B}.Release|Any CPU.Build.0 = Release|Any CPU
		{01617D67-4005-4B43-9C24-90D8E8F730F9}.Debug|Any CPU.ActiveCfg = Debug|Any CPU
		{01617D67-4005-4B43-9C24-90D8E8F730F9}.Debug|Any CPU.Build.0 = Debug|Any CPU
		{01617D67-4005-4B43-9C24-90D8E8F730F9}.Release|Any CPU.ActiveCfg = Release|Any CPU
		{01617D67-4005-4B43-9C24-90D8E8F730F9}.Release|Any CPU.Build.0 = Release|Any CPU
	EndGlobalSection
	GlobalSection(SolutionProperties) = preSolution
		HideSolutionNode = FALSE
	EndGlobalSection
	GlobalSection(ExtensibilityGlobals) = postSolution
		SolutionGuid = {AFAE1E30-18E6-4871-8F83-494A23E5A323}
	EndGlobalSection
EndGlobal
